
Microsoft Visual Studio Solution File, Format Version 12.00
# Visual Studio Version 17
VisualStudioVersion = 17.9.34723.18
MinimumVisualStudioVersion = 10.0.40219.1
Project("{FAE04EC0-301F-11D3-BF4B-00C04F79EFBC}") = "Brainfugd", "Brainfugd\Brainfugd.csproj", "{6CA5084C-F9EE-47DC-8740-13AF2630FD7E}"
EndProject
Global
	GlobalSection(SolutionConfigurationPlatforms) = preSolution
		Debug|Any CPU = Debug|Any CPU
		Release|Any CPU = Release|Any CPU
	EndGlobalSection
	GlobalSection(ProjectConfigurationPlatforms) = postSolution
		{6CA5084C-F9EE-47DC-8740-13AF2630FD7E}.Debug|Any CPU.ActiveCfg = Debug|Any CPU
		{6CA5084C-F9EE-47DC-8740-13AF2630FD7E}.Debug|Any CPU.Build.0 = Debug|Any CPU
		{6CA5084C-F9EE-47DC-8740-13AF2630FD7E}.Release|Any CPU.ActiveCfg = Release|Any CPU
		{6CA5084C-F9EE-47DC-8740-13AF2630FD7E}.Release|Any CPU.Build.0 = Release|Any CPU
	EndGlobalSection
	GlobalSection(SolutionProperties) = preSolution
		HideSolutionNode = FALSE
	EndGlobalSection
	GlobalSection(ExtensibilityGlobals) = postSolution
		SolutionGuid = {CE64A0D9-9AC9-4837-B48B-0969F12149BE}
	EndGlobalSection
EndGlobal
